<Solution>
  <Project Path="CommonResources/CommonResources.csproj" />
  <Project Path="Consumer/Consumer.csproj" />
  <Project Path="InventoryService.Tests/InventoryService.Tests.csproj" />
  <Project Path="InventoryService/InventoryService.csproj" />
  <Project Path="Producer/Producer.csproj" />
  <Project Path="SharedContracts/SharedContracts.csproj" />
</Solution>
